
Microsoft Visual Studio Solution File, Format Version 12.00
# Visual Studio Version 16
VisualStudioVersion = 16.0.32510.428
MinimumVisualStudioVersion = 10.0.40219.1
Project("{FAE04EC0-301F-11D3-BF4B-00C04F79EFBC}") = "Unturned", "Unturned\Unturned.csproj", "{C87715BB-384E-4D8E-9485-FFF26707A559}"
EndProject
Global
	GlobalSection(SolutionConfigurationPlatforms) = preSolution
		Debug|Any CPU = Debug|Any CPU
		Release|Any CPU = Release|Any CPU
	EndGlobalSection
	GlobalSection(ProjectConfigurationPlatforms) = postSolution
		{C87715BB-384E-4D8E-9485-FFF26707A559}.Debug|Any CPU.ActiveCfg = Debug|Any CPU
		{C87715BB-384E-4D8E-9485-FFF26707A559}.Debug|Any CPU.Build.0 = Debug|Any CPU
		{C87715BB-384E-4D8E-9485-FFF26707A559}.Release|Any CPU.ActiveCfg = Release|Any CPU
		{C87715BB-384E-4D8E-9485-FFF26707A559}.Release|Any CPU.Build.0 = Release|Any CPU
	EndGlobalSection
	GlobalSection(SolutionProperties) = preSolution
		HideSolutionNode = FALSE
	EndGlobalSection
	GlobalSection(ExtensibilityGlobals) = postSolution
		SolutionGuid = {F4DA8329-66E4-477D-9ABD-40B6CB442075}
	EndGlobalSection
EndGlobal
